[[dependencies]]
name = "@openzeppelin-contracts"
version = "4.9.0"
source = "https://soldeer-revisions.s3.amazonaws.com/@openzeppelin-contracts/4_9_0_22-01-2024_13:13:50_contracts.zip"
checksum = "93ceee9fa908d9ce9776c11884961a5161f28c49339774599aaaeda960e52aff"
integrity = "f1e3f1853ec75ffd561bf39a3ca5c443ee62b010d98db7692f0cc7f673b9a3df"

[[dependencies]]
name = "forge-std"
version = "1.9.2"
source = "https://soldeer-revisions.s3.amazonaws.com/forge-std/1_9_2_06-08-2024_17:31:25_forge-std-1.9.2.zip"
checksum = "20fd008c7c69b6c737cc0284469d1c76497107bc3e004d8381f6d8781cb27980"
integrity = "f49457fb6591f0dfd8b59e02e6eb4508a115ef08a86b0803feb0a3939d82d783"
